# This file is automatically @generated by Cargo.
# It is not intended for manual editing.
version = 4

[[package]]
name = "aoc1"
version = "0.1.0"

[[package]]
name = "aoc10"
version = "0.1.0"

[[package]]
name = "aoc11"
version = "0.1.0"

[[package]]
name = "aoc12"
version = "0.1.0"

[[package]]
name = "aoc2"
version = "0.1.0"

[[package]]
name = "aoc3"
version = "0.1.0"

[[package]]
name = "aoc4"
version = "0.1.0"

[[package]]
name = "aoc5"
version = "0.1.0"

[[package]]
name = "aoc6"
version = "0.1.0"

[[package]]
name = "aoc7"
version = "0.1.0"

[[package]]
name = "aoc8"
version = "0.1.0"

[[package]]
name = "aoc9"
version = "0.1.0"
